
Microsoft Visual Studio Solution File, Format Version 12.00
# Visual Studio Version 17
VisualStudioVersion = 17.11.35303.130
MinimumVisualStudioVersion = 10.0.40219.1
Project("{9A19103F-16F7-4668-BE54-9A1E7A4F7556}") = "API", "API\API.csproj", "{0E7F9C3A-FB08-4D75-A28D-C8DF6E07A2A7}"
EndProject
Project("{9A19103F-16F7-4668-BE54-9A1E7A4F7556}") = "Core", "Core\Core.csproj", "{02CF7142-6ECE-47DC-A275-1A750634639B}"
EndProject
Project("{9A19103F-16F7-4668-BE54-9A1E7A4F7556}") = "Infrastructure", "Infrastructure\Infrastructure.csproj", "{84514280-5966-4C32-8D33-393142AB9EC9}"
EndProject
Project("{2150E333-8FDC-42A3-9474-1A3956D46DE8}") = "Solution Items", "Solution Items", "{0174862E-7C49-4C65-8E94-75FAFBF2CD07}"
	ProjectSection(SolutionItems) = preProject
		docker-compose.yml = docker-compose.yml
	EndProjectSection
EndProject
Project("{FAE04EC0-301F-11D3-BF4B-00C04F79EFBC}") = "BenchmarkConsole", "BenchmarkConsole\BenchmarkConsole.csproj", "{6AA0371E-6BCC-4053-B687-F75D3C259891}"
EndProject
Global
	GlobalSection(SolutionConfigurationPlatforms) = preSolution
		Debug|Any CPU = Debug|Any CPU
		Release|Any CPU = Release|Any CPU
	EndGlobalSection
	GlobalSection(ProjectConfigurationPlatforms) = postSolution
		{0E7F9C3A-FB08-4D75-A28D-C8DF6E07A2A7}.Debug|Any CPU.ActiveCfg = Debug|Any CPU
		{0E7F9C3A-FB08-4D75-A28D-C8DF6E07A2A7}.Debug|Any CPU.Build.0 = Debug|Any CPU
		{0E7F9C3A-FB08-4D75-A28D-C8DF6E07A2A7}.Release|Any CPU.ActiveCfg = Release|Any CPU
		{0E7F9C3A-FB08-4D75-A28D-C8DF6E07A2A7}.Release|Any CPU.Build.0 = Release|Any CPU
		{02CF7142-6ECE-47DC-A275-1A750634639B}.Debug|Any CPU.ActiveCfg = Debug|Any CPU
		{02CF7142-6ECE-47DC-A275-1A750634639B}.Debug|Any CPU.Build.0 = Debug|Any CPU
		{02CF7142-6ECE-47DC-A275-1A750634639B}.Release|Any CPU.ActiveCfg = Release|Any CPU
		{02CF7142-6ECE-47DC-A275-1A750634639B}.Release|Any CPU.Build.0 = Release|Any CPU
		{84514280-5966-4C32-8D33-393142AB9EC9}.Debug|Any CPU.ActiveCfg = Debug|Any CPU
		{84514280-5966-4C32-8D33-393142AB9EC9}.Debug|Any CPU.Build.0 = Debug|Any CPU
		{84514280-5966-4C32-8D33-393142AB9EC9}.Release|Any CPU.ActiveCfg = Release|Any CPU
		{84514280-5966-4C32-8D33-393142AB9EC9}.Release|Any CPU.Build.0 = Release|Any CPU
		{6AA0371E-6BCC-4053-B687-F75D3C259891}.Debug|Any CPU.ActiveCfg = Debug|Any CPU
		{6AA0371E-6BCC-4053-B687-F75D3C259891}.Debug|Any CPU.Build.0 = Debug|Any CPU
		{6AA0371E-6BCC-4053-B687-F75D3C259891}.Release|Any CPU.ActiveCfg = Release|Any CPU
		{6AA0371E-6BCC-4053-B687-F75D3C259891}.Release|Any CPU.Build.0 = Release|Any CPU
	EndGlobalSection
	GlobalSection(SolutionProperties) = preSolution
		HideSolutionNode = FALSE
	EndGlobalSection
	GlobalSection(ExtensibilityGlobals) = postSolution
		SolutionGuid = {48FC34DC-966C-431A-9917-A84EA104A377}
	EndGlobalSection
	GlobalSection(NestedProjects) = preSolution
	EndGlobalSection
EndGlobal
